
Microsoft Visual Studio Solution File, Format Version 12.00
# Visual Studio Version 17
VisualStudioVersion = 17.5.2.0
MinimumVisualStudioVersion = 10.0.40219.1
Project("{2150E333-8FDC-42A3-9474-1A3956D46DE8}") = "Solution Items", "Solution Items", "{A1B2C3D4-E5F6-7890-ABCD-000000000001}"
	ProjectSection(SolutionItems) = preProject
		.gitattributes = .gitattributes
		.gitignore = .gitignore
		.gitmodules = .gitmodules
		Directory.Packages.props = Directory.Packages.props
	EndProjectSection
EndProject
Project("{9A19103F-16F7-4668-BE54-9A1E7A4F7556}") = "snowcoreBlog.Aspire", "snowcoreBlog.Aspire.csproj", "{5EEA96E0-5E88-4AA7-B532-3F441AD99A69}"
EndProject
Project("{FAE04EC0-301F-11D3-BF4B-00C04F79EFBC}") = "snowcoreBlog.Backend.AspireYarpGateway", "snowcoreBlog.Backend\Shared\Services\AspireYarpGateway\snowcoreBlog.Backend.AspireYarpGateway.csproj", "{32D0F5AE-D8D7-416F-84B4-63F43EA9EAD9}"
EndProject
Project("{FAE04EC0-301F-11D3-BF4B-00C04F79EFBC}") = "snowcoreBlog.Backend.Core", "snowcoreBlog.Backend\Shared\Core\snowcoreBlog.Backend.Core.csproj", "{935C4A89-C4C4-4194-8408-63D336CA9B5D}"
EndProject
Project("{FAE04EC0-301F-11D3-BF4B-00C04F79EFBC}") = "snowcoreBlog.Backend.Infrastructure", "snowcoreBlog.Backend\Shared\Infrastructure\snowcoreBlog.Backend.Infrastructure.csproj", "{02E8481A-29CD-4D07-ABF6-A183EBC91B53}"
EndProject
Project("{FAE04EC0-301F-11D3-BF4B-00C04F79EFBC}") = "snowcoreBlog.Backend.IAM", "snowcoreBlog.Backend\Shared\Services\IAM\snowcoreBlog.Backend.IAM.csproj", "{412285DA-AABC-4044-9ACC-B903DA7E66EF}"
EndProject
Project("{FAE04EC0-301F-11D3-BF4B-00C04F79EFBC}") = "snowcoreBlog.Backend.Email", "snowcoreBlog.Backend\Shared\Services\Email\snowcoreBlog.Backend.Email.csproj", "{7313A25D-5016-41A9-A176-CAFFC2285B9E}"
EndProject
Project("{FAE04EC0-301F-11D3-BF4B-00C04F79EFBC}") = "snowcoreBlog.Backend.Push", "snowcoreBlog.Backend\Shared\Services\Push\snowcoreBlog.Backend.Push.csproj", "{AB7F8F83-79A8-40C1-9DCE-2693444AF2B5}"
EndProject
Project("{FAE04EC0-301F-11D3-BF4B-00C04F79EFBC}") = "snowcoreBlog.Backend.Articles", "snowcoreBlog.Backend\BusinessServices\Articles\snowcoreBlog.Backend.Articles.csproj", "{8BD0AD12-EF12-4AD1-B989-AED874773548}"
EndProject
Project("{FAE04EC0-301F-11D3-BF4B-00C04F79EFBC}") = "snowcoreBlog.Backend.AuthorsManagement", "snowcoreBlog.Backend\BusinessServices\AuthorsManagement\snowcoreBlog.Backend.AuthorsManagement.csproj", "{A3F7D639-EFC7-4A76-857B-BF209EB56CF9}"
EndProject
Project("{FAE04EC0-301F-11D3-BF4B-00C04F79EFBC}") = "snowcoreBlog.Backend.ReadersManagement", "snowcoreBlog.Backend\BusinessServices\ReadersManagement\snowcoreBlog.Backend.ReadersManagement.csproj", "{90103197-919E-42B3-AA69-5C121B10A986}"
EndProject
Project("{FAE04EC0-301F-11D3-BF4B-00C04F79EFBC}") = "snowcoreBlog.Frontend.Core", "snowcoreBlog.Frontend\snowcoreBlog.Frontend.Core\snowcoreBlog.Frontend.Core.csproj", "{37D06341-5864-4EF4-BC4A-1DB7298AE364}"
EndProject
Project("{FAE04EC0-301F-11D3-BF4B-00C04F79EFBC}") = "snowcoreBlog.Frontend.Infrastructure", "snowcoreBlog.Frontend\snowcoreBlog.Frontend.Infrastructure\snowcoreBlog.Frontend.Infrastructure.csproj", "{13F7BD05-2B2A-46B3-8F95-CB5008C7E27D}"
EndProject
Project("{FAE04EC0-301F-11D3-BF4B-00C04F79EFBC}") = "snowcoreBlog.Frontend.SharedComponents", "snowcoreBlog.Frontend\Modules\SharedComponents\snowcoreBlog.Frontend.SharedComponents.csproj", "{EFE5943E-2B42-44B6-B3A8-BE9B04E42571}"
EndProject
Project("{FAE04EC0-301F-11D3-BF4B-00C04F79EFBC}") = "snowcoreBlog.Frontend.ReadersManagement", "snowcoreBlog.Frontend\Modules\ReadersManagement\snowcoreBlog.Frontend.ReadersManagement.csproj", "{6CF94987-C563-4223-939B-7FBDD029AC77}"
EndProject
Project("{FAE04EC0-301F-11D3-BF4B-00C04F79EFBC}") = "snowcoreBlog.Frontend.Client", "snowcoreBlog.Frontend\snowcoreBlog.Frontend.Client\snowcoreBlog.Frontend.Client.csproj", "{612F7CB7-BF5B-40EB-AB11-1A895A2233B6}"
EndProject
Project("{FAE04EC0-301F-11D3-BF4B-00C04F79EFBC}") = "snowcoreBlog.Frontend.Host", "snowcoreBlog.Frontend\Host\snowcoreBlog.Frontend.Host.csproj", "{13DC59E9-F03E-4F73-90A9-36D74C42DBF5}"
EndProject
Project("{FAE04EC0-301F-11D3-BF4B-00C04F79EFBC}") = "snowcoreBlog.Frontend.WasmForDebugging", "snowcoreBlog.Frontend\snowcoreBlog.Frontend.WasmForDebugging\snowcoreBlog.Frontend.WasmForDebugging.csproj", "{C7C2A1FC-9EAC-456D-B9F7-45FA41F71F5A}"
EndProject
Project("{FAE04EC0-301F-11D3-BF4B-00C04F79EFBC}") = "snowcoreBlog.Frontend.ClientShared", "snowcoreBlog.Frontend\snowcoreBlog.Frontend.ClientShared\snowcoreBlog.Frontend.ClientShared.csproj", "{E6734BE5-411C-40DC-AA48-5C1FB5E947E9}"
EndProject
Project("{FAE04EC0-301F-11D3-BF4B-00C04F79EFBC}") = "snowcoreBlog.Console.App", "snowcoreBlog.Console\App\snowcoreBlog.Console.App.csproj", "{FE747577-346E-4C1D-AD42-F7F83612891A}"
EndProject
Project("{FAE04EC0-301F-11D3-BF4B-00C04F79EFBC}") = "snowcoreBlog.PublicApi", "snowcoreBlog.Backend\snowcoreBlog.Universal\PublicApi\snowcoreBlog.PublicApi.csproj", "{DA841F10-26BC-4858-9FB6-14E1D25EBF0D}"
EndProject
Project("{FAE04EC0-301F-11D3-BF4B-00C04F79EFBC}") = "snowcoreBlog.Backend.RegionalIpRestriction", "snowcoreBlog.Backend\Shared\Services\RegionalIpRestriction\snowcoreBlog.Backend.RegionalIpRestriction.csproj", "{BE5C7868-049B-4D79-8616-BB33A88EEB5F}"
EndProject
Project("{FAE04EC0-301F-11D3-BF4B-00C04F79EFBC}") = "snowcoreBlog.Frontend.Articles", "snowcoreBlog.Frontend\Modules\Articles\snowcoreBlog.Frontend.Articles.csproj", "{D1801C40-607C-4B69-B588-E5ABBC645C23}"
EndProject
Project("{FAE04EC0-301F-11D3-BF4B-00C04F79EFBC}") = "snowcoreBlog.Backend.Gateway.Middleware", "snowcoreBlog.Backend\Shared\Gateway.Middleware\snowcoreBlog.Backend.Gateway.Middleware.csproj", "{33B18DF6-2E5B-45B2-8A8C-53EEB5EE23B1}"
EndProject
Project("{FAE04EC0-301F-11D3-BF4B-00C04F79EFBC}") = "snowcoreBlog.Backend.NotificationsManagement", "snowcoreBlog.Backend\Shared\Services\NotificationsManagement\snowcoreBlog.Backend.NotificationsManagement.csproj", "{ACD0F014-4846-416E-A7F6-5EE25E5D5626}"
EndProject
Project("{FAE04EC0-301F-11D3-BF4B-00C04F79EFBC}") = "snowcoreBlog.Frontend.Notifications", "snowcoreBlog.Frontend\Modules\Notifications\snowcoreBlog.Frontend.Notifications.csproj", "{37C08E8E-C4E3-4C83-A5DF-66857BCB0DEC}"
EndProject
Project("{2150E333-8FDC-42A3-9474-1A3956D46DE8}") = "Tests", "Tests", "{0AB3BF05-4346-4AA6-1389-037BE0695223}"
EndProject
Project("{2150E333-8FDC-42A3-9474-1A3956D46DE8}") = "Backend", "Backend", "{B1A2C3D4-E5F6-7890-ABCD-EF1234567890}"
EndProject
Project("{2150E333-8FDC-42A3-9474-1A3956D46DE8}") = "Frontend", "Frontend", "{F1E2D3C4-B5A6-0987-FEDC-BA9876543210}"
EndProject
Project("{FAE04EC0-301F-11D3-BF4B-00C04F79EFBC}") = "snowcoreBlog.Backend.Core.Tests", "snowcoreBlog.Backend\Shared\Core.Tests\snowcoreBlog.Backend.Core.Tests.csproj", "{F032A2B0-AA33-472E-9B20-23A1E03329BC}"
EndProject
Project("{FAE04EC0-301F-11D3-BF4B-00C04F79EFBC}") = "snowcoreBlog.Backend.Infrastructure.Tests", "snowcoreBlog.Backend\Shared\Infrastructure.Tests\snowcoreBlog.Backend.Infrastructure.Tests.csproj", "{404EE969-1079-407E-9CA1-64FABB911458}"
EndProject
Project("{FAE04EC0-301F-11D3-BF4B-00C04F79EFBC}") = "snowcoreBlog.Backend.IAM.Core.Tests", "snowcoreBlog.Backend\Shared\IAM.Core.Tests\snowcoreBlog.Backend.IAM.Core.Tests.csproj", "{D3F57833-76F0-41F3-A740-06A2E1593448}"
EndProject
Project("{FAE04EC0-301F-11D3-BF4B-00C04F79EFBC}") = "snowcoreBlog.Backend.Email.Core.Tests", "snowcoreBlog.Backend\Shared\Email.Core.Tests\snowcoreBlog.Backend.Email.Core.Tests.csproj", "{6CBC4121-46E2-476A-842E-C70C9B7DEDB4}"
EndProject
Project("{FAE04EC0-301F-11D3-BF4B-00C04F79EFBC}") = "snowcoreBlog.Backend.Push.Core.Tests", "snowcoreBlog.Backend\Shared\Push.Core.Tests\snowcoreBlog.Backend.Push.Core.Tests.csproj", "{ADBEDA8B-C4C1-4E67-9CA0-45702359F3C3}"
EndProject
Project("{FAE04EC0-301F-11D3-BF4B-00C04F79EFBC}") = "snowcoreBlog.Backend.IAM.Tests", "snowcoreBlog.Backend\Shared\Services\IAM.Tests\snowcoreBlog.Backend.IAM.Tests.csproj", "{B4B91E6E-BF35-4CBB-A292-331DFF1FBEB5}"
EndProject
Project("{FAE04EC0-301F-11D3-BF4B-00C04F79EFBC}") = "snowcoreBlog.Backend.Email.Tests", "snowcoreBlog.Backend\Shared\Services\Email.Tests\snowcoreBlog.Backend.Email.Tests.csproj", "{E10F35F8-9497-4575-BF3F-A1EB36B45890}"
EndProject
Project("{FAE04EC0-301F-11D3-BF4B-00C04F79EFBC}") = "snowcoreBlog.Backend.Push.Tests", "snowcoreBlog.Backend\Shared\Services\Push.Tests\snowcoreBlog.Backend.Push.Tests.csproj", "{858627F6-7C5B-48F8-B3BA-C352D5393DDE}"
EndProject
Project("{FAE04EC0-301F-11D3-BF4B-00C04F79EFBC}") = "snowcoreBlog.Backend.Articles.Tests", "snowcoreBlog.Backend\BusinessServices\Articles.Tests\snowcoreBlog.Backend.Articles.Tests.csproj", "{56E41528-F4FA-48B9-A3D1-33CDBCF2D5EB}"
EndProject
Project("{FAE04EC0-301F-11D3-BF4B-00C04F79EFBC}") = "snowcoreBlog.Backend.AuthorsManagement.Tests", "snowcoreBlog.Backend\BusinessServices\AuthorsManagement.Tests\snowcoreBlog.Backend.AuthorsManagement.Tests.csproj", "{A7A89B62-81F3-4C72-8917-42867CEC4DCB}"
EndProject
Project("{FAE04EC0-301F-11D3-BF4B-00C04F79EFBC}") = "snowcoreBlog.Backend.ReadersManagement.Tests", "snowcoreBlog.Backend\BusinessServices\ReadersManagement.Tests\snowcoreBlog.Backend.ReadersManagement.Tests.csproj", "{305697DE-7378-4815-AC70-88AA9AE7B8F6}"
EndProject
Project("{FAE04EC0-301F-11D3-BF4B-00C04F79EFBC}") = "snowcoreBlog.Backend.NotificationsManagement.Tests", "snowcoreBlog.Backend\Shared\Services\NotificationsManagement.Tests\snowcoreBlog.Backend.NotificationsManagement.Tests.csproj", "{617C512B-54FC-4218-9CE9-51EAB81D6114}"
EndProject
Project("{FAE04EC0-301F-11D3-BF4B-00C04F79EFBC}") = "snowcoreBlog.Backend.RegionalIpRestriction.Tests", "snowcoreBlog.Backend\Shared\Services\RegionalIpRestriction.Tests\snowcoreBlog.Backend.RegionalIpRestriction.Tests.csproj", "{386020F0-91D5-4FF2-BFC2-925E0D765524}"
EndProject
Project("{FAE04EC0-301F-11D3-BF4B-00C04F79EFBC}") = "snowcoreBlog.Frontend.Core.Tests", "snowcoreBlog.Frontend\snowcoreBlog.Frontend.Core.Tests\snowcoreBlog.Frontend.Core.Tests.csproj", "{08689401-B4E3-4181-9B07-A1EB6E6EEE02}"
EndProject
Project("{FAE04EC0-301F-11D3-BF4B-00C04F79EFBC}") = "snowcoreBlog.Frontend.Infrastructure.Tests", "snowcoreBlog.Frontend\snowcoreBlog.Frontend.Infrastructure.Tests\snowcoreBlog.Frontend.Infrastructure.Tests.csproj", "{E8DA3D5C-451E-4B62-BDB8-2B4E7E0B51F0}"
EndProject
Project("{FAE04EC0-301F-11D3-BF4B-00C04F79EFBC}") = "snowcoreBlog.Frontend.SharedComponents.Tests", "snowcoreBlog.Frontend\snowcoreBlog.Frontend.SharedComponents.Tests\snowcoreBlog.Frontend.SharedComponents.Tests.csproj", "{E02A620F-F75D-4A8E-8F96-151E2CCE04F7}"
EndProject
Project("{FAE04EC0-301F-11D3-BF4B-00C04F79EFBC}") = "snowcoreBlog.Frontend.Articles.Tests", "snowcoreBlog.Frontend\snowcoreBlog.Frontend.Articles.Tests\snowcoreBlog.Frontend.Articles.Tests.csproj", "{00560285-CE26-4D72-830D-020BA0597E13}"
EndProject
Project("{FAE04EC0-301F-11D3-BF4B-00C04F79EFBC}") = "snowcoreBlog.Frontend.Notifications.Tests", "snowcoreBlog.Frontend\snowcoreBlog.Frontend.Notifications.Tests\snowcoreBlog.Frontend.Notifications.Tests.csproj", "{F494DE2C-3B48-4448-A4B2-91233A5E14B3}"
EndProject
Project("{FAE04EC0-301F-11D3-BF4B-00C04F79EFBC}") = "snowcoreBlog.Frontend.ReadersManagement.Tests", "snowcoreBlog.Frontend\snowcoreBlog.Frontend.ReadersManagement.Tests\snowcoreBlog.Frontend.ReadersManagement.Tests.csproj", "{44BE6568-C658-4DAB-B02E-1E5F155B3A3B}"
EndProject
Global
	GlobalSection(SolutionConfigurationPlatforms) = preSolution
		Debug|Any CPU = Debug|Any CPU
		Debug|x64 = Debug|x64
		Debug|x86 = Debug|x86
		Release|Any CPU = Release|Any CPU
		Release|x64 = Release|x64
		Release|x86 = Release|x86
	EndGlobalSection
	GlobalSection(ProjectConfigurationPlatforms) = postSolution
		{5EEA96E0-5E88-4AA7-B532-3F441AD99A69}.Debug|Any CPU.ActiveCfg = Debug|Any CPU
		{5EEA96E0-5E88-4AA7-B532-3F441AD99A69}.Debug|Any CPU.Build.0 = Debug|Any CPU
		{5EEA96E0-5E88-4AA7-B532-3F441AD99A69}.Debug|x64.ActiveCfg = Debug|Any CPU
		{5EEA96E0-5E88-4AA7-B532-3F441AD99A69}.Debug|x64.Build.0 = Debug|Any CPU
		{5EEA96E0-5E88-4AA7-B532-3F441AD99A69}.Debug|x86.ActiveCfg = Debug|Any CPU
		{5EEA96E0-5E88-4AA7-B532-3F441AD99A69}.Debug|x86.Build.0 = Debug|Any CPU
		{5EEA96E0-5E88-4AA7-B532-3F441AD99A69}.Release|Any CPU.ActiveCfg = Release|Any CPU
		{5EEA96E0-5E88-4AA7-B532-3F441AD99A69}.Release|Any CPU.Build.0 = Release|Any CPU
		{5EEA96E0-5E88-4AA7-B532-3F441AD99A69}.Release|x64.ActiveCfg = Release|Any CPU
		{5EEA96E0-5E88-4AA7-B532-3F441AD99A69}.Release|x64.Build.0 = Release|Any CPU
		{5EEA96E0-5E88-4AA7-B532-3F441AD99A69}.Release|x86.ActiveCfg = Release|Any CPU
		{5EEA96E0-5E88-4AA7-B532-3F441AD99A69}.Release|x86.Build.0 = Release|Any CPU
		{32D0F5AE-D8D7-416F-84B4-63F43EA9EAD9}.Debug|Any CPU.ActiveCfg = Debug|Any CPU
		{32D0F5AE-D8D7-416F-84B4-63F43EA9EAD9}.Debug|Any CPU.Build.0 = Debug|Any CPU
		{32D0F5AE-D8D7-416F-84B4-63F43EA9EAD9}.Debug|x64.ActiveCfg = Debug|Any CPU
		{32D0F5AE-D8D7-416F-84B4-63F43EA9EAD9}.Debug|x64.Build.0 = Debug|Any CPU
		{32D0F5AE-D8D7-416F-84B4-63F43EA9EAD9}.Debug|x86.ActiveCfg = Debug|Any CPU
		{32D0F5AE-D8D7-416F-84B4-63F43EA9EAD9}.Debug|x86.Build.0 = Debug|Any CPU
		{32D0F5AE-D8D7-416F-84B4-63F43EA9EAD9}.Release|Any CPU.ActiveCfg = Release|Any CPU
		{32D0F5AE-D8D7-416F-84B4-63F43EA9EAD9}.Release|Any CPU.Build.0 = Release|Any CPU
		{32D0F5AE-D8D7-416F-84B4-63F43EA9EAD9}.Release|x64.ActiveCfg = Release|Any CPU
		{32D0F5AE-D8D7-416F-84B4-63F43EA9EAD9}.Release|x64.Build.0 = Release|Any CPU
		{32D0F5AE-D8D7-416F-84B4-63F43EA9EAD9}.Release|x86.ActiveCfg = Release|Any CPU
		{32D0F5AE-D8D7-416F-84B4-63F43EA9EAD9}.Release|x86.Build.0 = Release|Any CPU
		{935C4A89-C4C4-4194-8408-63D336CA9B5D}.Debug|Any CPU.ActiveCfg = Debug|Any CPU
		{935C4A89-C4C4-4194-8408-63D336CA9B5D}.Debug|Any CPU.Build.0 = Debug|Any CPU
		{935C4A89-C4C4-4194-8408-63D336CA9B5D}.Debug|x64.ActiveCfg = Debug|Any CPU
		{935C4A89-C4C4-4194-8408-63D336CA9B5D}.Debug|x64.Build.0 = Debug|Any CPU
		{935C4A89-C4C4-4194-8408-63D336CA9B5D}.Debug|x86.ActiveCfg = Debug|Any CPU
		{935C4A89-C4C4-4194-8408-63D336CA9B5D}.Debug|x86.Build.0 = Debug|Any CPU
		{935C4A89-C4C4-4194-8408-63D336CA9B5D}.Release|Any CPU.ActiveCfg = Release|Any CPU
		{935C4A89-C4C4-4194-8408-63D336CA9B5D}.Release|Any CPU.Build.0 = Release|Any CPU
		{935C4A89-C4C4-4194-8408-63D336CA9B5D}.Release|x64.ActiveCfg = Release|Any CPU
		{935C4A89-C4C4-4194-8408-63D336CA9B5D}.Release|x64.Build.0 = Release|Any CPU
		{935C4A89-C4C4-4194-8408-63D336CA9B5D}.Release|x86.ActiveCfg = Release|Any CPU
		{935C4A89-C4C4-4194-8408-63D336CA9B5D}.Release|x86.Build.0 = Release|Any CPU
		{02E8481A-29CD-4D07-ABF6-A183EBC91B53}.Debug|Any CPU.ActiveCfg = Debug|Any CPU
		{02E8481A-29CD-4D07-ABF6-A183EBC91B53}.Debug|Any CPU.Build.0 = Debug|Any CPU
		{02E8481A-29CD-4D07-ABF6-A183EBC91B53}.Debug|x64.ActiveCfg = Debug|Any CPU
		{02E8481A-29CD-4D07-ABF6-A183EBC91B53}.Debug|x64.Build.0 = Debug|Any CPU
		{02E8481A-29CD-4D07-ABF6-A183EBC91B53}.Debug|x86.ActiveCfg = Debug|Any CPU
		{02E8481A-29CD-4D07-ABF6-A183EBC91B53}.Debug|x86.Build.0 = Debug|Any CPU
		{02E8481A-29CD-4D07-ABF6-A183EBC91B53}.Release|Any CPU.ActiveCfg = Release|Any CPU
		{02E8481A-29CD-4D07-ABF6-A183EBC91B53}.Release|Any CPU.Build.0 = Release|Any CPU
		{02E8481A-29CD-4D07-ABF6-A183EBC91B53}.Release|x64.ActiveCfg = Release|Any CPU
		{02E8481A-29CD-4D07-ABF6-A183EBC91B53}.Release|x64.Build.0 = Release|Any CPU
		{02E8481A-29CD-4D07-ABF6-A183EBC91B53}.Release|x86.ActiveCfg = Release|Any CPU
		{02E8481A-29CD-4D07-ABF6-A183EBC91B53}.Release|x86.Build.0 = Release|Any CPU
		{412285DA-AABC-4044-9ACC-B903DA7E66EF}.Debug|Any CPU.ActiveCfg = Debug|Any CPU
		{412285DA-AABC-4044-9ACC-B903DA7E66EF}.Debug|Any CPU.Build.0 = Debug|Any CPU
		{412285DA-AABC-4044-9ACC-B903DA7E66EF}.Debug|x64.ActiveCfg = Debug|Any CPU
		{412285DA-AABC-4044-9ACC-B903DA7E66EF}.Debug|x64.Build.0 = Debug|Any CPU
		{412285DA-AABC-4044-9ACC-B903DA7E66EF}.Debug|x86.ActiveCfg = Debug|Any CPU
		{412285DA-AABC-4044-9ACC-B903DA7E66EF}.Debug|x86.Build.0 = Debug|Any CPU
		{412285DA-AABC-4044-9ACC-B903DA7E66EF}.Release|Any CPU.ActiveCfg = Release|Any CPU
		{412285DA-AABC-4044-9ACC-B903DA7E66EF}.Release|Any CPU.Build.0 = Release|Any CPU
		{412285DA-AABC-4044-9ACC-B903DA7E66EF}.Release|x64.ActiveCfg = Release|Any CPU
		{412285DA-AABC-4044-9ACC-B903DA7E66EF}.Release|x64.Build.0 = Release|Any CPU
		{412285DA-AABC-4044-9ACC-B903DA7E66EF}.Release|x86.ActiveCfg = Release|Any CPU
		{412285DA-AABC-4044-9ACC-B903DA7E66EF}.Release|x86.Build.0 = Release|Any CPU
		{7313A25D-5016-41A9-A176-CAFFC2285B9E}.Debug|Any CPU.ActiveCfg = Debug|Any CPU
		{7313A25D-5016-41A9-A176-CAFFC2285B9E}.Debug|Any CPU.Build.0 = Debug|Any CPU
		{7313A25D-5016-41A9-A176-CAFFC2285B9E}.Debug|x64.ActiveCfg = Debug|Any CPU
		{7313A25D-5016-41A9-A176-CAFFC2285B9E}.Debug|x64.Build.0 = Debug|Any CPU
		{7313A25D-5016-41A9-A176-CAFFC2285B9E}.Debug|x86.ActiveCfg = Debug|Any CPU
		{7313A25D-5016-41A9-A176-CAFFC2285B9E}.Debug|x86.Build.0 = Debug|Any CPU
		{7313A25D-5016-41A9-A176-CAFFC2285B9E}.Release|Any CPU.ActiveCfg = Release|Any CPU
		{7313A25D-5016-41A9-A176-CAFFC2285B9E}.Release|Any CPU.Build.0 = Release|Any CPU
		{7313A25D-5016-41A9-A176-CAFFC2285B9E}.Release|x64.ActiveCfg = Release|Any CPU
		{7313A25D-5016-41A9-A176-CAFFC2285B9E}.Release|x64.Build.0 = Release|Any CPU
		{7313A25D-5016-41A9-A176-CAFFC2285B9E}.Release|x86.ActiveCfg = Release|Any CPU
		{7313A25D-5016-41A9-A176-CAFFC2285B9E}.Release|x86.Build.0 = Release|Any CPU
		{AB7F8F83-79A8-40C1-9DCE-2693444AF2B5}.Debug|Any CPU.ActiveCfg = Debug|Any CPU
		{AB7F8F83-79A8-40C1-9DCE-2693444AF2B5}.Debug|Any CPU.Build.0 = Debug|Any CPU
		{AB7F8F83-79A8-40C1-9DCE-2693444AF2B5}.Debug|x64.ActiveCfg = Debug|Any CPU
		{AB7F8F83-79A8-40C1-9DCE-2693444AF2B5}.Debug|x64.Build.0 = Debug|Any CPU
		{AB7F8F83-79A8-40C1-9DCE-2693444AF2B5}.Debug|x86.ActiveCfg = Debug|Any CPU
		{AB7F8F83-79A8-40C1-9DCE-2693444AF2B5}.Debug|x86.Build.0 = Debug|Any CPU
		{AB7F8F83-79A8-40C1-9DCE-2693444AF2B5}.Release|Any CPU.ActiveCfg = Release|Any CPU
		{AB7F8F83-79A8-40C1-9DCE-2693444AF2B5}.Release|Any CPU.Build.0 = Release|Any CPU
		{AB7F8F83-79A8-40C1-9DCE-2693444AF2B5}.Release|x64.ActiveCfg = Release|Any CPU
		{AB7F8F83-79A8-40C1-9DCE-2693444AF2B5}.Release|x64.Build.0 = Release|Any CPU
		{AB7F8F83-79A8-40C1-9DCE-2693444AF2B5}.Release|x86.ActiveCfg = Release|Any CPU
		{AB7F8F83-79A8-40C1-9DCE-2693444AF2B5}.Release|x86.Build.0 = Release|Any CPU
		{8BD0AD12-EF12-4AD1-B989-AED874773548}.Debug|Any CPU.ActiveCfg = Debug|Any CPU
		{8BD0AD12-EF12-4AD1-B989-AED874773548}.Debug|Any CPU.Build.0 = Debug|Any CPU
		{8BD0AD12-EF12-4AD1-B989-AED874773548}.Debug|x64.ActiveCfg = Debug|Any CPU
		{8BD0AD12-EF12-4AD1-B989-AED874773548}.Debug|x64.Build.0 = Debug|Any CPU
		{8BD0AD12-EF12-4AD1-B989-AED874773548}.Debug|x86.ActiveCfg = Debug|Any CPU
		{8BD0AD12-EF12-4AD1-B989-AED874773548}.Debug|x86.Build.0 = Debug|Any CPU
		{8BD0AD12-EF12-4AD1-B989-AED874773548}.Release|Any CPU.ActiveCfg = Release|Any CPU
		{8BD0AD12-EF12-4AD1-B989-AED874773548}.Release|Any CPU.Build.0 = Release|Any CPU
		{8BD0AD12-EF12-4AD1-B989-AED874773548}.Release|x64.ActiveCfg = Release|Any CPU
		{8BD0AD12-EF12-4AD1-B989-AED874773548}.Release|x64.Build.0 = Release|Any CPU
		{8BD0AD12-EF12-4AD1-B989-AED874773548}.Release|x86.ActiveCfg = Release|Any CPU
		{8BD0AD12-EF12-4AD1-B989-AED874773548}.Release|x86.Build.0 = Release|Any CPU
		{A3F7D639-EFC7-4A76-857B-BF209EB56CF9}.Debug|Any CPU.ActiveCfg = Debug|Any CPU
		{A3F7D639-EFC7-4A76-857B-BF209EB56CF9}.Debug|Any CPU.Build.0 = Debug|Any CPU
		{A3F7D639-EFC7-4A76-857B-BF209EB56CF9}.Debug|x64.ActiveCfg = Debug|Any CPU
		{A3F7D639-EFC7-4A76-857B-BF209EB56CF9}.Debug|x64.Build.0 = Debug|Any CPU
		{A3F7D639-EFC7-4A76-857B-BF209EB56CF9}.Debug|x86.ActiveCfg = Debug|Any CPU
		{A3F7D639-EFC7-4A76-857B-BF209EB56CF9}.Debug|x86.Build.0 = Debug|Any CPU
		{A3F7D639-EFC7-4A76-857B-BF209EB56CF9}.Release|Any CPU.ActiveCfg = Release|Any CPU
		{A3F7D639-EFC7-4A76-857B-BF209EB56CF9}.Release|Any CPU.Build.0 = Release|Any CPU
		{A3F7D639-EFC7-4A76-857B-BF209EB56CF9}.Release|x64.ActiveCfg = Release|Any CPU
		{A3F7D639-EFC7-4A76-857B-BF209EB56CF9}.Release|x64.Build.0 = Release|Any CPU
		{A3F7D639-EFC7-4A76-857B-BF209EB56CF9}.Release|x86.ActiveCfg = Release|Any CPU
		{A3F7D639-EFC7-4A76-857B-BF209EB56CF9}.Release|x86.Build.0 = Release|Any CPU
		{90103197-919E-42B3-AA69-5C121B10A986}.Debug|Any CPU.ActiveCfg = Debug|Any CPU
		{90103197-919E-42B3-AA69-5C121B10A986}.Debug|Any CPU.Build.0 = Debug|Any CPU
		{90103197-919E-42B3-AA69-5C121B10A986}.Debug|x64.ActiveCfg = Debug|Any CPU
		{90103197-919E-42B3-AA69-5C121B10A986}.Debug|x64.Build.0 = Debug|Any CPU
		{90103197-919E-42B3-AA69-5C121B10A986}.Debug|x86.ActiveCfg = Debug|Any CPU
		{90103197-919E-42B3-AA69-5C121B10A986}.Debug|x86.Build.0 = Debug|Any CPU
		{90103197-919E-42B3-AA69-5C121B10A986}.Release|Any CPU.ActiveCfg = Release|Any CPU
		{90103197-919E-42B3-AA69-5C121B10A986}.Release|Any CPU.Build.0 = Release|Any CPU
		{90103197-919E-42B3-AA69-5C121B10A986}.Release|x64.ActiveCfg = Release|Any CPU
		{90103197-919E-42B3-AA69-5C121B10A986}.Release|x64.Build.0 = Release|Any CPU
		{90103197-919E-42B3-AA69-5C121B10A986}.Release|x86.ActiveCfg = Release|Any CPU
		{90103197-919E-42B3-AA69-5C121B10A986}.Release|x86.Build.0 = Release|Any CPU
		{37D06341-5864-4EF4-BC4A-1DB7298AE364}.Debug|Any CPU.ActiveCfg = Debug|Any CPU
		{37D06341-5864-4EF4-BC4A-1DB7298AE364}.Debug|Any CPU.Build.0 = Debug|Any CPU
		{37D06341-5864-4EF4-BC4A-1DB7298AE364}.Debug|x64.ActiveCfg = Debug|Any CPU
		{37D06341-5864-4EF4-BC4A-1DB7298AE364}.Debug|x64.Build.0 = Debug|Any CPU
		{37D06341-5864-4EF4-BC4A-1DB7298AE364}.Debug|x86.ActiveCfg = Debug|Any CPU
		{37D06341-5864-4EF4-BC4A-1DB7298AE364}.Debug|x86.Build.0 = Debug|Any CPU
		{37D06341-5864-4EF4-BC4A-1DB7298AE364}.Release|Any CPU.ActiveCfg = Release|Any CPU
		{37D06341-5864-4EF4-BC4A-1DB7298AE364}.Release|Any CPU.Build.0 = Release|Any CPU
		{37D06341-5864-4EF4-BC4A-1DB7298AE364}.Release|x64.ActiveCfg = Release|Any CPU
		{37D06341-5864-4EF4-BC4A-1DB7298AE364}.Release|x64.Build.0 = Release|Any CPU
		{37D06341-5864-4EF4-BC4A-1DB7298AE364}.Release|x86.ActiveCfg = Release|Any CPU
		{37D06341-5864-4EF4-BC4A-1DB7298AE364}.Release|x86.Build.0 = Release|Any CPU
		{13F7BD05-2B2A-46B3-8F95-CB5008C7E27D}.Debug|Any CPU.ActiveCfg = Debug|Any CPU
		{13F7BD05-2B2A-46B3-8F95-CB5008C7E27D}.Debug|Any CPU.Build.0 = Debug|Any CPU
		{13F7BD05-2B2A-46B3-8F95-CB5008C7E27D}.Debug|x64.ActiveCfg = Debug|Any CPU
		{13F7BD05-2B2A-46B3-8F95-CB5008C7E27D}.Debug|x64.Build.0 = Debug|Any CPU
		{13F7BD05-2B2A-46B3-8F95-CB5008C7E27D}.Debug|x86.ActiveCfg = Debug|Any CPU
		{13F7BD05-2B2A-46B3-8F95-CB5008C7E27D}.Debug|x86.Build.0 = Debug|Any CPU
		{13F7BD05-2B2A-46B3-8F95-CB5008C7E27D}.Release|Any CPU.ActiveCfg = Release|Any CPU
		{13F7BD05-2B2A-46B3-8F95-CB5008C7E27D}.Release|Any CPU.Build.0 = Release|Any CPU
		{13F7BD05-2B2A-46B3-8F95-CB5008C7E27D}.Release|x64.ActiveCfg = Release|Any CPU
		{13F7BD05-2B2A-46B3-8F95-CB5008C7E27D}.Release|x64.Build.0 = Release|Any CPU
		{13F7BD05-2B2A-46B3-8F95-CB5008C7E27D}.Release|x86.ActiveCfg = Release|Any CPU
		{13F7BD05-2B2A-46B3-8F95-CB5008C7E27D}.Release|x86.Build.0 = Release|Any CPU
		{EFE5943E-2B42-44B6-B3A8-BE9B04E42571}.Debug|Any CPU.ActiveCfg = Debug|Any CPU
		{EFE5943E-2B42-44B6-B3A8-BE9B04E42571}.Debug|Any CPU.Build.0 = Debug|Any CPU
		{EFE5943E-2B42-44B6-B3A8-BE9B04E42571}.Debug|x64.ActiveCfg = Debug|Any CPU
		{EFE5943E-2B42-44B6-B3A8-BE9B04E42571}.Debug|x64.Build.0 = Debug|Any CPU
		{EFE5943E-2B42-44B6-B3A8-BE9B04E42571}.Debug|x86.ActiveCfg = Debug|Any CPU
		{EFE5943E-2B42-44B6-B3A8-BE9B04E42571}.Debug|x86.Build.0 = Debug|Any CPU
		{EFE5943E-2B42-44B6-B3A8-BE9B04E42571}.Release|Any CPU.ActiveCfg = Release|Any CPU
		{EFE5943E-2B42-44B6-B3A8-BE9B04E42571}.Release|Any CPU.Build.0 = Release|Any CPU
		{EFE5943E-2B42-44B6-B3A8-BE9B04E42571}.Release|x64.ActiveCfg = Release|Any CPU
		{EFE5943E-2B42-44B6-B3A8-BE9B04E42571}.Release|x64.Build.0 = Release|Any CPU
		{EFE5943E-2B42-44B6-B3A8-BE9B04E42571}.Release|x86.ActiveCfg = Release|Any CPU
		{EFE5943E-2B42-44B6-B3A8-BE9B04E42571}.Release|x86.Build.0 = Release|Any CPU
		{6CF94987-C563-4223-939B-7FBDD029AC77}.Debug|Any CPU.ActiveCfg = Debug|Any CPU
		{6CF94987-C563-4223-939B-7FBDD029AC77}.Debug|Any CPU.Build.0 = Debug|Any CPU
		{6CF94987-C563-4223-939B-7FBDD029AC77}.Debug|x64.ActiveCfg = Debug|Any CPU
		{6CF94987-C563-4223-939B-7FBDD029AC77}.Debug|x64.Build.0 = Debug|Any CPU
		{6CF94987-C563-4223-939B-7FBDD029AC77}.Debug|x86.ActiveCfg = Debug|Any CPU
		{6CF94987-C563-4223-939B-7FBDD029AC77}.Debug|x86.Build.0 = Debug|Any CPU
		{6CF94987-C563-4223-939B-7FBDD029AC77}.Release|Any CPU.ActiveCfg = Release|Any CPU
		{6CF94987-C563-4223-939B-7FBDD029AC77}.Release|Any CPU.Build.0 = Release|Any CPU
		{6CF94987-C563-4223-939B-7FBDD029AC77}.Release|x64.ActiveCfg = Release|Any CPU
		{6CF94987-C563-4223-939B-7FBDD029AC77}.Release|x64.Build.0 = Release|Any CPU
		{6CF94987-C563-4223-939B-7FBDD029AC77}.Release|x86.ActiveCfg = Release|Any CPU
		{6CF94987-C563-4223-939B-7FBDD029AC77}.Release|x86.Build.0 = Release|Any CPU
		{612F7CB7-BF5B-40EB-AB11-1A895A2233B6}.Debug|Any CPU.ActiveCfg = Debug|Any CPU
		{612F7CB7-BF5B-40EB-AB11-1A895A2233B6}.Debug|Any CPU.Build.0 = Debug|Any CPU
		{612F7CB7-BF5B-40EB-AB11-1A895A2233B6}.Debug|x64.ActiveCfg = Debug|Any CPU
		{612F7CB7-BF5B-40EB-AB11-1A895A2233B6}.Debug|x64.Build.0 = Debug|Any CPU
		{612F7CB7-BF5B-40EB-AB11-1A895A2233B6}.Debug|x86.ActiveCfg = Debug|Any CPU
		{612F7CB7-BF5B-40EB-AB11-1A895A2233B6}.Debug|x86.Build.0 = Debug|Any CPU
		{612F7CB7-BF5B-40EB-AB11-1A895A2233B6}.Release|Any CPU.ActiveCfg = Release|Any CPU
		{612F7CB7-BF5B-40EB-AB11-1A895A2233B6}.Release|Any CPU.Build.0 = Release|Any CPU
		{612F7CB7-BF5B-40EB-AB11-1A895A2233B6}.Release|x64.ActiveCfg = Release|Any CPU
		{612F7CB7-BF5B-40EB-AB11-1A895A2233B6}.Release|x64.Build.0 = Release|Any CPU
		{612F7CB7-BF5B-40EB-AB11-1A895A2233B6}.Release|x86.ActiveCfg = Release|Any CPU
		{612F7CB7-BF5B-40EB-AB11-1A895A2233B6}.Release|x86.Build.0 = Release|Any CPU
		{13DC59E9-F03E-4F73-90A9-36D74C42DBF5}.Debug|Any CPU.ActiveCfg = Debug|Any CPU
		{13DC59E9-F03E-4F73-90A9-36D74C42DBF5}.Debug|Any CPU.Build.0 = Debug|Any CPU
		{13DC59E9-F03E-4F73-90A9-36D74C42DBF5}.Debug|x64.ActiveCfg = Debug|Any CPU
		{13DC59E9-F03E-4F73-90A9-36D74C42DBF5}.Debug|x64.Build.0 = Debug|Any CPU
		{13DC59E9-F03E-4F73-90A9-36D74C42DBF5}.Debug|x86.ActiveCfg = Debug|Any CPU
		{13DC59E9-F03E-4F73-90A9-36D74C42DBF5}.Debug|x86.Build.0 = Debug|Any CPU
		{13DC59E9-F03E-4F73-90A9-36D74C42DBF5}.Release|Any CPU.ActiveCfg = Release|Any CPU
		{13DC59E9-F03E-4F73-90A9-36D74C42DBF5}.Release|Any CPU.Build.0 = Release|Any CPU
		{13DC59E9-F03E-4F73-90A9-36D74C42DBF5}.Release|x64.ActiveCfg = Release|Any CPU
		{13DC59E9-F03E-4F73-90A9-36D74C42DBF5}.Release|x64.Build.0 = Release|Any CPU
		{13DC59E9-F03E-4F73-90A9-36D74C42DBF5}.Release|x86.ActiveCfg = Release|Any CPU
		{13DC59E9-F03E-4F73-90A9-36D74C42DBF5}.Release|x86.Build.0 = Release|Any CPU
		{C7C2A1FC-9EAC-456D-B9F7-45FA41F71F5A}.Debug|Any CPU.ActiveCfg = Debug|Any CPU
		{C7C2A1FC-9EAC-456D-B9F7-45FA41F71F5A}.Debug|Any CPU.Build.0 = Debug|Any CPU
		{C7C2A1FC-9EAC-456D-B9F7-45FA41F71F5A}.Debug|x64.ActiveCfg = Debug|Any CPU
		{C7C2A1FC-9EAC-456D-B9F7-45FA41F71F5A}.Debug|x64.Build.0 = Debug|Any CPU
		{C7C2A1FC-9EAC-456D-B9F7-45FA41F71F5A}.Debug|x86.ActiveCfg = Debug|Any CPU
		{C7C2A1FC-9EAC-456D-B9F7-45FA41F71F5A}.Debug|x86.Build.0 = Debug|Any CPU
		{C7C2A1FC-9EAC-456D-B9F7-45FA41F71F5A}.Release|Any CPU.ActiveCfg = Release|Any CPU
		{C7C2A1FC-9EAC-456D-B9F7-45FA41F71F5A}.Release|Any CPU.Build.0 = Release|Any CPU
		{C7C2A1FC-9EAC-456D-B9F7-45FA41F71F5A}.Release|x64.ActiveCfg = Release|Any CPU
		{C7C2A1FC-9EAC-456D-B9F7-45FA41F71F5A}.Release|x64.Build.0 = Release|Any CPU
		{C7C2A1FC-9EAC-456D-B9F7-45FA41F71F5A}.Release|x86.ActiveCfg = Release|Any CPU
		{C7C2A1FC-9EAC-456D-B9F7-45FA41F71F5A}.Release|x86.Build.0 = Release|Any CPU
		{E6734BE5-411C-40DC-AA48-5C1FB5E947E9}.Debug|Any CPU.ActiveCfg = Debug|Any CPU
		{E6734BE5-411C-40DC-AA48-5C1FB5E947E9}.Debug|Any CPU.Build.0 = Debug|Any CPU
		{E6734BE5-411C-40DC-AA48-5C1FB5E947E9}.Debug|x64.ActiveCfg = Debug|Any CPU
		{E6734BE5-411C-40DC-AA48-5C1FB5E947E9}.Debug|x64.Build.0 = Debug|Any CPU
		{E6734BE5-411C-40DC-AA48-5C1FB5E947E9}.Debug|x86.ActiveCfg = Debug|Any CPU
		{E6734BE5-411C-40DC-AA48-5C1FB5E947E9}.Debug|x86.Build.0 = Debug|Any CPU
		{E6734BE5-411C-40DC-AA48-5C1FB5E947E9}.Release|Any CPU.ActiveCfg = Release|Any CPU
		{E6734BE5-411C-40DC-AA48-5C1FB5E947E9}.Release|Any CPU.Build.0 = Release|Any CPU
		{E6734BE5-411C-40DC-AA48-5C1FB5E947E9}.Release|x64.ActiveCfg = Release|Any CPU
		{E6734BE5-411C-40DC-AA48-5C1FB5E947E9}.Release|x64.Build.0 = Release|Any CPU
		{E6734BE5-411C-40DC-AA48-5C1FB5E947E9}.Release|x86.ActiveCfg = Release|Any CPU
		{E6734BE5-411C-40DC-AA48-5C1FB5E947E9}.Release|x86.Build.0 = Release|Any CPU
		{FE747577-346E-4C1D-AD42-F7F83612891A}.Debug|Any CPU.ActiveCfg = Debug|Any CPU
		{FE747577-346E-4C1D-AD42-F7F83612891A}.Debug|Any CPU.Build.0 = Debug|Any CPU
		{FE747577-346E-4C1D-AD42-F7F83612891A}.Debug|x64.ActiveCfg = Debug|Any CPU
		{FE747577-346E-4C1D-AD42-F7F83612891A}.Debug|x64.Build.0 = Debug|Any CPU
		{FE747577-346E-4C1D-AD42-F7F83612891A}.Debug|x86.ActiveCfg = Debug|Any CPU
		{FE747577-346E-4C1D-AD42-F7F83612891A}.Debug|x86.Build.0 = Debug|Any CPU
		{FE747577-346E-4C1D-AD42-F7F83612891A}.Release|Any CPU.ActiveCfg = Release|Any CPU
		{FE747577-346E-4C1D-AD42-F7F83612891A}.Release|Any CPU.Build.0 = Release|Any CPU
		{FE747577-346E-4C1D-AD42-F7F83612891A}.Release|x64.ActiveCfg = Release|Any CPU
		{FE747577-346E-4C1D-AD42-F7F83612891A}.Release|x64.Build.0 = Release|Any CPU
		{FE747577-346E-4C1D-AD42-F7F83612891A}.Release|x86.ActiveCfg = Release|Any CPU
		{FE747577-346E-4C1D-AD42-F7F83612891A}.Release|x86.Build.0 = Release|Any CPU
		{DA841F10-26BC-4858-9FB6-14E1D25EBF0D}.Debug|Any CPU.ActiveCfg = Debug|Any CPU
		{DA841F10-26BC-4858-9FB6-14E1D25EBF0D}.Debug|Any CPU.Build.0 = Debug|Any CPU
		{DA841F10-26BC-4858-9FB6-14E1D25EBF0D}.Debug|x64.ActiveCfg = Debug|Any CPU
		{DA841F10-26BC-4858-9FB6-14E1D25EBF0D}.Debug|x64.Build.0 = Debug|Any CPU
		{DA841F10-26BC-4858-9FB6-14E1D25EBF0D}.Debug|x86.ActiveCfg = Debug|Any CPU
		{DA841F10-26BC-4858-9FB6-14E1D25EBF0D}.Debug|x86.Build.0 = Debug|Any CPU
		{DA841F10-26BC-4858-9FB6-14E1D25EBF0D}.Release|Any CPU.ActiveCfg = Release|Any CPU
		{DA841F10-26BC-4858-9FB6-14E1D25EBF0D}.Release|Any CPU.Build.0 = Release|Any CPU
		{DA841F10-26BC-4858-9FB6-14E1D25EBF0D}.Release|x64.ActiveCfg = Release|Any CPU
		{DA841F10-26BC-4858-9FB6-14E1D25EBF0D}.Release|x64.Build.0 = Release|Any CPU
		{DA841F10-26BC-4858-9FB6-14E1D25EBF0D}.Release|x86.ActiveCfg = Release|Any CPU
		{DA841F10-26BC-4858-9FB6-14E1D25EBF0D}.Release|x86.Build.0 = Release|Any CPU
		{BE5C7868-049B-4D79-8616-BB33A88EEB5F}.Debug|Any CPU.ActiveCfg = Debug|Any CPU
		{BE5C7868-049B-4D79-8616-BB33A88EEB5F}.Debug|Any CPU.Build.0 = Debug|Any CPU
		{BE5C7868-049B-4D79-8616-BB33A88EEB5F}.Debug|x64.ActiveCfg = Debug|Any CPU
		{BE5C7868-049B-4D79-8616-BB33A88EEB5F}.Debug|x64.Build.0 = Debug|Any CPU
		{BE5C7868-049B-4D79-8616-BB33A88EEB5F}.Debug|x86.ActiveCfg = Debug|Any CPU
		{BE5C7868-049B-4D79-8616-BB33A88EEB5F}.Debug|x86.Build.0 = Debug|Any CPU
		{BE5C7868-049B-4D79-8616-BB33A88EEB5F}.Release|Any CPU.ActiveCfg = Release|Any CPU
		{BE5C7868-049B-4D79-8616-BB33A88EEB5F}.Release|Any CPU.Build.0 = Release|Any CPU
		{BE5C7868-049B-4D79-8616-BB33A88EEB5F}.Release|x64.ActiveCfg = Release|Any CPU
		{BE5C7868-049B-4D79-8616-BB33A88EEB5F}.Release|x64.Build.0 = Release|Any CPU
		{BE5C7868-049B-4D79-8616-BB33A88EEB5F}.Release|x86.ActiveCfg = Release|Any CPU
		{BE5C7868-049B-4D79-8616-BB33A88EEB5F}.Release|x86.Build.0 = Release|Any CPU
		{D1801C40-607C-4B69-B588-E5ABBC645C23}.Debug|Any CPU.ActiveCfg = Debug|Any CPU
		{D1801C40-607C-4B69-B588-E5ABBC645C23}.Debug|Any CPU.Build.0 = Debug|Any CPU
		{D1801C40-607C-4B69-B588-E5ABBC645C23}.Debug|x64.ActiveCfg = Debug|Any CPU
		{D1801C40-607C-4B69-B588-E5ABBC645C23}.Debug|x64.Build.0 = Debug|Any CPU
		{D1801C40-607C-4B69-B588-E5ABBC645C23}.Debug|x86.ActiveCfg = Debug|Any CPU
		{D1801C40-607C-4B69-B588-E5ABBC645C23}.Debug|x86.Build.0 = Debug|Any CPU
		{D1801C40-607C-4B69-B588-E5ABBC645C23}.Release|Any CPU.ActiveCfg = Release|Any CPU
		{D1801C40-607C-4B69-B588-E5ABBC645C23}.Release|Any CPU.Build.0 = Release|Any CPU
		{D1801C40-607C-4B69-B588-E5ABBC645C23}.Release|x64.ActiveCfg = Release|Any CPU
		{D1801C40-607C-4B69-B588-E5ABBC645C23}.Release|x64.Build.0 = Release|Any CPU
		{D1801C40-607C-4B69-B588-E5ABBC645C23}.Release|x86.ActiveCfg = Release|Any CPU
		{D1801C40-607C-4B69-B588-E5ABBC645C23}.Release|x86.Build.0 = Release|Any CPU
		{33B18DF6-2E5B-45B2-8A8C-53EEB5EE23B1}.Debug|Any CPU.ActiveCfg = Debug|Any CPU
		{33B18DF6-2E5B-45B2-8A8C-53EEB5EE23B1}.Debug|Any CPU.Build.0 = Debug|Any CPU
		{33B18DF6-2E5B-45B2-8A8C-53EEB5EE23B1}.Debug|x64.ActiveCfg = Debug|Any CPU
		{33B18DF6-2E5B-45B2-8A8C-53EEB5EE23B1}.Debug|x64.Build.0 = Debug|Any CPU
		{33B18DF6-2E5B-45B2-8A8C-53EEB5EE23B1}.Debug|x86.ActiveCfg = Debug|Any CPU
		{33B18DF6-2E5B-45B2-8A8C-53EEB5EE23B1}.Debug|x86.Build.0 = Debug|Any CPU
		{33B18DF6-2E5B-45B2-8A8C-53EEB5EE23B1}.Release|Any CPU.ActiveCfg = Release|Any CPU
		{33B18DF6-2E5B-45B2-8A8C-53EEB5EE23B1}.Release|Any CPU.Build.0 = Release|Any CPU
		{33B18DF6-2E5B-45B2-8A8C-53EEB5EE23B1}.Release|x64.ActiveCfg = Release|Any CPU
		{33B18DF6-2E5B-45B2-8A8C-53EEB5EE23B1}.Release|x64.Build.0 = Release|Any CPU
		{33B18DF6-2E5B-45B2-8A8C-53EEB5EE23B1}.Release|x86.ActiveCfg = Release|Any CPU
		{33B18DF6-2E5B-45B2-8A8C-53EEB5EE23B1}.Release|x86.Build.0 = Release|Any CPU
		{ACD0F014-4846-416E-A7F6-5EE25E5D5626}.Debug|Any CPU.ActiveCfg = Debug|Any CPU
		{ACD0F014-4846-416E-A7F6-5EE25E5D5626}.Debug|Any CPU.Build.0 = Debug|Any CPU
		{ACD0F014-4846-416E-A7F6-5EE25E5D5626}.Debug|x64.ActiveCfg = Debug|Any CPU
		{ACD0F014-4846-416E-A7F6-5EE25E5D5626}.Debug|x64.Build.0 = Debug|Any CPU
		{ACD0F014-4846-416E-A7F6-5EE25E5D5626}.Debug|x86.ActiveCfg = Debug|Any CPU
		{ACD0F014-4846-416E-A7F6-5EE25E5D5626}.Debug|x86.Build.0 = Debug|Any CPU
		{ACD0F014-4846-416E-A7F6-5EE25E5D5626}.Release|Any CPU.ActiveCfg = Release|Any CPU
		{ACD0F014-4846-416E-A7F6-5EE25E5D5626}.Release|Any CPU.Build.0 = Release|Any CPU
		{ACD0F014-4846-416E-A7F6-5EE25E5D5626}.Release|x64.ActiveCfg = Release|Any CPU
		{ACD0F014-4846-416E-A7F6-5EE25E5D5626}.Release|x64.Build.0 = Release|Any CPU
		{ACD0F014-4846-416E-A7F6-5EE25E5D5626}.Release|x86.ActiveCfg = Release|Any CPU
		{ACD0F014-4846-416E-A7F6-5EE25E5D5626}.Release|x86.Build.0 = Release|Any CPU
		{37C08E8E-C4E3-4C83-A5DF-66857BCB0DEC}.Debug|Any CPU.ActiveCfg = Debug|Any CPU
		{37C08E8E-C4E3-4C83-A5DF-66857BCB0DEC}.Debug|Any CPU.Build.0 = Debug|Any CPU
		{37C08E8E-C4E3-4C83-A5DF-66857BCB0DEC}.Debug|x64.ActiveCfg = Debug|Any CPU
		{37C08E8E-C4E3-4C83-A5DF-66857BCB0DEC}.Debug|x64.Build.0 = Debug|Any CPU
		{37C08E8E-C4E3-4C83-A5DF-66857BCB0DEC}.Debug|x86.ActiveCfg = Debug|Any CPU
		{37C08E8E-C4E3-4C83-A5DF-66857BCB0DEC}.Debug|x86.Build.0 = Debug|Any CPU
		{37C08E8E-C4E3-4C83-A5DF-66857BCB0DEC}.Release|Any CPU.ActiveCfg = Release|Any CPU
		{37C08E8E-C4E3-4C83-A5DF-66857BCB0DEC}.Release|Any CPU.Build.0 = Release|Any CPU
		{37C08E8E-C4E3-4C83-A5DF-66857BCB0DEC}.Release|x64.ActiveCfg = Release|Any CPU
		{37C08E8E-C4E3-4C83-A5DF-66857BCB0DEC}.Release|x64.Build.0 = Release|Any CPU
		{37C08E8E-C4E3-4C83-A5DF-66857BCB0DEC}.Release|x86.ActiveCfg = Release|Any CPU
		{37C08E8E-C4E3-4C83-A5DF-66857BCB0DEC}.Release|x86.Build.0 = Release|Any CPU
		{F032A2B0-AA33-472E-9B20-23A1E03329BC}.Debug|Any CPU.ActiveCfg = Debug|Any CPU
		{F032A2B0-AA33-472E-9B20-23A1E03329BC}.Debug|Any CPU.Build.0 = Debug|Any CPU
		{F032A2B0-AA33-472E-9B20-23A1E03329BC}.Debug|x64.ActiveCfg = Debug|Any CPU
		{F032A2B0-AA33-472E-9B20-23A1E03329BC}.Debug|x64.Build.0 = Debug|Any CPU
		{F032A2B0-AA33-472E-9B20-23A1E03329BC}.Debug|x86.ActiveCfg = Debug|Any CPU
		{F032A2B0-AA33-472E-9B20-23A1E03329BC}.Debug|x86.Build.0 = Debug|Any CPU
		{F032A2B0-AA33-472E-9B20-23A1E03329BC}.Release|Any CPU.ActiveCfg = Release|Any CPU
		{F032A2B0-AA33-472E-9B20-23A1E03329BC}.Release|Any CPU.Build.0 = Release|Any CPU
		{F032A2B0-AA33-472E-9B20-23A1E03329BC}.Release|x64.ActiveCfg = Release|Any CPU
		{F032A2B0-AA33-472E-9B20-23A1E03329BC}.Release|x64.Build.0 = Release|Any CPU
		{F032A2B0-AA33-472E-9B20-23A1E03329BC}.Release|x86.ActiveCfg = Release|Any CPU
		{F032A2B0-AA33-472E-9B20-23A1E03329BC}.Release|x86.Build.0 = Release|Any CPU
		{404EE969-1079-407E-9CA1-64FABB911458}.Debug|Any CPU.ActiveCfg = Debug|Any CPU
		{404EE969-1079-407E-9CA1-64FABB911458}.Debug|Any CPU.Build.0 = Debug|Any CPU
		{404EE969-1079-407E-9CA1-64FABB911458}.Debug|x64.ActiveCfg = Debug|Any CPU
		{404EE969-1079-407E-9CA1-64FABB911458}.Debug|x64.Build.0 = Debug|Any CPU
		{404EE969-1079-407E-9CA1-64FABB911458}.Debug|x86.ActiveCfg = Debug|Any CPU
		{404EE969-1079-407E-9CA1-64FABB911458}.Debug|x86.Build.0 = Debug|Any CPU
		{404EE969-1079-407E-9CA1-64FABB911458}.Release|Any CPU.ActiveCfg = Release|Any CPU
		{404EE969-1079-407E-9CA1-64FABB911458}.Release|Any CPU.Build.0 = Release|Any CPU
		{404EE969-1079-407E-9CA1-64FABB911458}.Release|x64.ActiveCfg = Release|Any CPU
		{404EE969-1079-407E-9CA1-64FABB911458}.Release|x64.Build.0 = Release|Any CPU
		{404EE969-1079-407E-9CA1-64FABB911458}.Release|x86.ActiveCfg = Release|Any CPU
		{404EE969-1079-407E-9CA1-64FABB911458}.Release|x86.Build.0 = Release|Any CPU
		{D3F57833-76F0-41F3-A740-06A2E1593448}.Debug|Any CPU.ActiveCfg = Debug|Any CPU
		{D3F57833-76F0-41F3-A740-06A2E1593448}.Debug|Any CPU.Build.0 = Debug|Any CPU
		{D3F57833-76F0-41F3-A740-06A2E1593448}.Debug|x64.ActiveCfg = Debug|Any CPU
		{D3F57833-76F0-41F3-A740-06A2E1593448}.Debug|x64.Build.0 = Debug|Any CPU
		{D3F57833-76F0-41F3-A740-06A2E1593448}.Debug|x86.ActiveCfg = Debug|Any CPU
		{D3F57833-76F0-41F3-A740-06A2E1593448}.Debug|x86.Build.0 = Debug|Any CPU
		{D3F57833-76F0-41F3-A740-06A2E1593448}.Release|Any CPU.ActiveCfg = Release|Any CPU
		{D3F57833-76F0-41F3-A740-06A2E1593448}.Release|Any CPU.Build.0 = Release|Any CPU
		{D3F57833-76F0-41F3-A740-06A2E1593448}.Release|x64.ActiveCfg = Release|Any CPU
		{D3F57833-76F0-41F3-A740-06A2E1593448}.Release|x64.Build.0 = Release|Any CPU
		{D3F57833-76F0-41F3-A740-06A2E1593448}.Release|x86.ActiveCfg = Release|Any CPU
		{D3F57833-76F0-41F3-A740-06A2E1593448}.Release|x86.Build.0 = Release|Any CPU
		{6CBC4121-46E2-476A-842E-C70C9B7DEDB4}.Debug|Any CPU.ActiveCfg = Debug|Any CPU
		{6CBC4121-46E2-476A-842E-C70C9B7DEDB4}.Debug|Any CPU.Build.0 = Debug|Any CPU
		{6CBC4121-46E2-476A-842E-C70C9B7DEDB4}.Debug|x64.ActiveCfg = Debug|Any CPU
		{6CBC4121-46E2-476A-842E-C70C9B7DEDB4}.Debug|x64.Build.0 = Debug|Any CPU
		{6CBC4121-46E2-476A-842E-C70C9B7DEDB4}.Debug|x86.ActiveCfg = Debug|Any CPU
		{6CBC4121-46E2-476A-842E-C70C9B7DEDB4}.Debug|x86.Build.0 = Debug|Any CPU
		{6CBC4121-46E2-476A-842E-C70C9B7DEDB4}.Release|Any CPU.ActiveCfg = Release|Any CPU
		{6CBC4121-46E2-476A-842E-C70C9B7DEDB4}.Release|Any CPU.Build.0 = Release|Any CPU
		{6CBC4121-46E2-476A-842E-C70C9B7DEDB4}.Release|x64.ActiveCfg = Release|Any CPU
		{6CBC4121-46E2-476A-842E-C70C9B7DEDB4}.Release|x64.Build.0 = Release|Any CPU
		{6CBC4121-46E2-476A-842E-C70C9B7DEDB4}.Release|x86.ActiveCfg = Release|Any CPU
		{6CBC4121-46E2-476A-842E-C70C9B7DEDB4}.Release|x86.Build.0 = Release|Any CPU
		{ADBEDA8B-C4C1-4E67-9CA0-45702359F3C3}.Debug|Any CPU.ActiveCfg = Debug|Any CPU
		{ADBEDA8B-C4C1-4E67-9CA0-45702359F3C3}.Debug|Any CPU.Build.0 = Debug|Any CPU
		{ADBEDA8B-C4C1-4E67-9CA0-45702359F3C3}.Debug|x64.ActiveCfg = Debug|Any CPU
		{ADBEDA8B-C4C1-4E67-9CA0-45702359F3C3}.Debug|x64.Build.0 = Debug|Any CPU
		{ADBEDA8B-C4C1-4E67-9CA0-45702359F3C3}.Debug|x86.ActiveCfg = Debug|Any CPU
		{ADBEDA8B-C4C1-4E67-9CA0-45702359F3C3}.Debug|x86.Build.0 = Debug|Any CPU
		{ADBEDA8B-C4C1-4E67-9CA0-45702359F3C3}.Release|Any CPU.ActiveCfg = Release|Any CPU
		{ADBEDA8B-C4C1-4E67-9CA0-45702359F3C3}.Release|Any CPU.Build.0 = Release|Any CPU
		{ADBEDA8B-C4C1-4E67-9CA0-45702359F3C3}.Release|x64.ActiveCfg = Release|Any CPU
		{ADBEDA8B-C4C1-4E67-9CA0-45702359F3C3}.Release|x64.Build.0 = Release|Any CPU
		{ADBEDA8B-C4C1-4E67-9CA0-45702359F3C3}.Release|x86.ActiveCfg = Release|Any CPU
		{ADBEDA8B-C4C1-4E67-9CA0-45702359F3C3}.Release|x86.Build.0 = Release|Any CPU
		{B4B91E6E-BF35-4CBB-A292-331DFF1FBEB5}.Debug|Any CPU.ActiveCfg = Debug|Any CPU
		{B4B91E6E-BF35-4CBB-A292-331DFF1FBEB5}.Debug|Any CPU.Build.0 = Debug|Any CPU
		{B4B91E6E-BF35-4CBB-A292-331DFF1FBEB5}.Debug|x64.ActiveCfg = Debug|Any CPU
		{B4B91E6E-BF35-4CBB-A292-331DFF1FBEB5}.Debug|x64.Build.0 = Debug|Any CPU
		{B4B91E6E-BF35-4CBB-A292-331DFF1FBEB5}.Debug|x86.ActiveCfg = Debug|Any CPU
		{B4B91E6E-BF35-4CBB-A292-331DFF1FBEB5}.Debug|x86.Build.0 = Debug|Any CPU
		{B4B91E6E-BF35-4CBB-A292-331DFF1FBEB5}.Release|Any CPU.ActiveCfg = Release|Any CPU
		{B4B91E6E-BF35-4CBB-A292-331DFF1FBEB5}.Release|Any CPU.Build.0 = Release|Any CPU
		{B4B91E6E-BF35-4CBB-A292-331DFF1FBEB5}.Release|x64.ActiveCfg = Release|Any CPU
		{B4B91E6E-BF35-4CBB-A292-331DFF1FBEB5}.Release|x64.Build.0 = Release|Any CPU
		{B4B91E6E-BF35-4CBB-A292-331DFF1FBEB5}.Release|x86.ActiveCfg = Release|Any CPU
		{B4B91E6E-BF35-4CBB-A292-331DFF1FBEB5}.Release|x86.Build.0 = Release|Any CPU
		{E10F35F8-9497-4575-BF3F-A1EB36B45890}.Debug|Any CPU.ActiveCfg = Debug|Any CPU
		{E10F35F8-9497-4575-BF3F-A1EB36B45890}.Debug|Any CPU.Build.0 = Debug|Any CPU
		{E10F35F8-9497-4575-BF3F-A1EB36B45890}.Debug|x64.ActiveCfg = Debug|Any CPU
		{E10F35F8-9497-4575-BF3F-A1EB36B45890}.Debug|x64.Build.0 = Debug|Any CPU
		{E10F35F8-9497-4575-BF3F-A1EB36B45890}.Debug|x86.ActiveCfg = Debug|Any CPU
		{E10F35F8-9497-4575-BF3F-A1EB36B45890}.Debug|x86.Build.0 = Debug|Any CPU
		{E10F35F8-9497-4575-BF3F-A1EB36B45890}.Release|Any CPU.ActiveCfg = Release|Any CPU
		{E10F35F8-9497-4575-BF3F-A1EB36B45890}.Release|Any CPU.Build.0 = Release|Any CPU
		{E10F35F8-9497-4575-BF3F-A1EB36B45890}.Release|x64.ActiveCfg = Release|Any CPU
		{E10F35F8-9497-4575-BF3F-A1EB36B45890}.Release|x64.Build.0 = Release|Any CPU
		{E10F35F8-9497-4575-BF3F-A1EB36B45890}.Release|x86.ActiveCfg = Release|Any CPU
		{E10F35F8-9497-4575-BF3F-A1EB36B45890}.Release|x86.Build.0 = Release|Any CPU
		{858627F6-7C5B-48F8-B3BA-C352D5393DDE}.Debug|Any CPU.ActiveCfg = Debug|Any CPU
		{858627F6-7C5B-48F8-B3BA-C352D5393DDE}.Debug|Any CPU.Build.0 = Debug|Any CPU
		{858627F6-7C5B-48F8-B3BA-C352D5393DDE}.Debug|x64.ActiveCfg = Debug|Any CPU
		{858627F6-7C5B-48F8-B3BA-C352D5393DDE}.Debug|x64.Build.0 = Debug|Any CPU
		{858627F6-7C5B-48F8-B3BA-C352D5393DDE}.Debug|x86.ActiveCfg = Debug|Any CPU
		{858627F6-7C5B-48F8-B3BA-C352D5393DDE}.Debug|x86.Build.0 = Debug|Any CPU
		{858627F6-7C5B-48F8-B3BA-C352D5393DDE}.Release|Any CPU.ActiveCfg = Release|Any CPU
		{858627F6-7C5B-48F8-B3BA-C352D5393DDE}.Release|Any CPU.Build.0 = Release|Any CPU
		{858627F6-7C5B-48F8-B3BA-C352D5393DDE}.Release|x64.ActiveCfg = Release|Any CPU
		{858627F6-7C5B-48F8-B3BA-C352D5393DDE}.Release|x64.Build.0 = Release|Any CPU
		{858627F6-7C5B-48F8-B3BA-C352D5393DDE}.Release|x86.ActiveCfg = Release|Any CPU
		{858627F6-7C5B-48F8-B3BA-C352D5393DDE}.Release|x86.Build.0 = Release|Any CPU
		{56E41528-F4FA-48B9-A3D1-33CDBCF2D5EB}.Debug|Any CPU.ActiveCfg = Debug|Any CPU
		{56E41528-F4FA-48B9-A3D1-33CDBCF2D5EB}.Debug|Any CPU.Build.0 = Debug|Any CPU
		{56E41528-F4FA-48B9-A3D1-33CDBCF2D5EB}.Debug|x64.ActiveCfg = Debug|Any CPU
		{56E41528-F4FA-48B9-A3D1-33CDBCF2D5EB}.Debug|x64.Build.0 = Debug|Any CPU
		{56E41528-F4FA-48B9-A3D1-33CDBCF2D5EB}.Debug|x86.ActiveCfg = Debug|Any CPU
		{56E41528-F4FA-48B9-A3D1-33CDBCF2D5EB}.Debug|x86.Build.0 = Debug|Any CPU
		{56E41528-F4FA-48B9-A3D1-33CDBCF2D5EB}.Release|Any CPU.ActiveCfg = Release|Any CPU
		{56E41528-F4FA-48B9-A3D1-33CDBCF2D5EB}.Release|Any CPU.Build.0 = Release|Any CPU
		{56E41528-F4FA-48B9-A3D1-33CDBCF2D5EB}.Release|x64.ActiveCfg = Release|Any CPU
		{56E41528-F4FA-48B9-A3D1-33CDBCF2D5EB}.Release|x64.Build.0 = Release|Any CPU
		{56E41528-F4FA-48B9-A3D1-33CDBCF2D5EB}.Release|x86.ActiveCfg = Release|Any CPU
		{56E41528-F4FA-48B9-A3D1-33CDBCF2D5EB}.Release|x86.Build.0 = Release|Any CPU
		{A7A89B62-81F3-4C72-8917-42867CEC4DCB}.Debug|Any CPU.ActiveCfg = Debug|Any CPU
		{A7A89B62-81F3-4C72-8917-42867CEC4DCB}.Debug|Any CPU.Build.0 = Debug|Any CPU
		{A7A89B62-81F3-4C72-8917-42867CEC4DCB}.Debug|x64.ActiveCfg = Debug|Any CPU
		{A7A89B62-81F3-4C72-8917-42867CEC4DCB}.Debug|x64.Build.0 = Debug|Any CPU
		{A7A89B62-81F3-4C72-8917-42867CEC4DCB}.Debug|x86.ActiveCfg = Debug|Any CPU
		{A7A89B62-81F3-4C72-8917-42867CEC4DCB}.Debug|x86.Build.0 = Debug|Any CPU
		{A7A89B62-81F3-4C72-8917-42867CEC4DCB}.Release|Any CPU.ActiveCfg = Release|Any CPU
		{A7A89B62-81F3-4C72-8917-42867CEC4DCB}.Release|Any CPU.Build.0 = Release|Any CPU
		{A7A89B62-81F3-4C72-8917-42867CEC4DCB}.Release|x64.ActiveCfg = Release|Any CPU
		{A7A89B62-81F3-4C72-8917-42867CEC4DCB}.Release|x64.Build.0 = Release|Any CPU
		{A7A89B62-81F3-4C72-8917-42867CEC4DCB}.Release|x86.ActiveCfg = Release|Any CPU
		{A7A89B62-81F3-4C72-8917-42867CEC4DCB}.Release|x86.Build.0 = Release|Any CPU
		{305697DE-7378-4815-AC70-88AA9AE7B8F6}.Debug|Any CPU.ActiveCfg = Debug|Any CPU
		{305697DE-7378-4815-AC70-88AA9AE7B8F6}.Debug|Any CPU.Build.0 = Debug|Any CPU
		{305697DE-7378-4815-AC70-88AA9AE7B8F6}.Debug|x64.ActiveCfg = Debug|Any CPU
		{305697DE-7378-4815-AC70-88AA9AE7B8F6}.Debug|x64.Build.0 = Debug|Any CPU
		{305697DE-7378-4815-AC70-88AA9AE7B8F6}.Debug|x86.ActiveCfg = Debug|Any CPU
		{305697DE-7378-4815-AC70-88AA9AE7B8F6}.Debug|x86.Build.0 = Debug|Any CPU
		{305697DE-7378-4815-AC70-88AA9AE7B8F6}.Release|Any CPU.ActiveCfg = Release|Any CPU
		{305697DE-7378-4815-AC70-88AA9AE7B8F6}.Release|Any CPU.Build.0 = Release|Any CPU
		{305697DE-7378-4815-AC70-88AA9AE7B8F6}.Release|x64.ActiveCfg = Release|Any CPU
		{305697DE-7378-4815-AC70-88AA9AE7B8F6}.Release|x64.Build.0 = Release|Any CPU
		{305697DE-7378-4815-AC70-88AA9AE7B8F6}.Release|x86.ActiveCfg = Release|Any CPU
		{305697DE-7378-4815-AC70-88AA9AE7B8F6}.Release|x86.Build.0 = Release|Any CPU
		{617C512B-54FC-4218-9CE9-51EAB81D6114}.Debug|Any CPU.ActiveCfg = Debug|Any CPU
		{617C512B-54FC-4218-9CE9-51EAB81D6114}.Debug|Any CPU.Build.0 = Debug|Any CPU
		{617C512B-54FC-4218-9CE9-51EAB81D6114}.Debug|x64.ActiveCfg = Debug|Any CPU
		{617C512B-54FC-4218-9CE9-51EAB81D6114}.Debug|x64.Build.0 = Debug|Any CPU
		{617C512B-54FC-4218-9CE9-51EAB81D6114}.Debug|x86.ActiveCfg = Debug|Any CPU
		{617C512B-54FC-4218-9CE9-51EAB81D6114}.Debug|x86.Build.0 = Debug|Any CPU
		{617C512B-54FC-4218-9CE9-51EAB81D6114}.Release|Any CPU.ActiveCfg = Release|Any CPU
		{617C512B-54FC-4218-9CE9-51EAB81D6114}.Release|Any CPU.Build.0 = Release|Any CPU
		{617C512B-54FC-4218-9CE9-51EAB81D6114}.Release|x64.ActiveCfg = Release|Any CPU
		{617C512B-54FC-4218-9CE9-51EAB81D6114}.Release|x64.Build.0 = Release|Any CPU
		{617C512B-54FC-4218-9CE9-51EAB81D6114}.Release|x86.ActiveCfg = Release|Any CPU
		{617C512B-54FC-4218-9CE9-51EAB81D6114}.Release|x86.Build.0 = Release|Any CPU
		{386020F0-91D5-4FF2-BFC2-925E0D765524}.Debug|Any CPU.ActiveCfg = Debug|Any CPU
		{386020F0-91D5-4FF2-BFC2-925E0D765524}.Debug|Any CPU.Build.0 = Debug|Any CPU
		{386020F0-91D5-4FF2-BFC2-925E0D765524}.Debug|x64.ActiveCfg = Debug|Any CPU
		{386020F0-91D5-4FF2-BFC2-925E0D765524}.Debug|x64.Build.0 = Debug|Any CPU
		{386020F0-91D5-4FF2-BFC2-925E0D765524}.Debug|x86.ActiveCfg = Debug|Any CPU
		{386020F0-91D5-4FF2-BFC2-925E0D765524}.Debug|x86.Build.0 = Debug|Any CPU
		{386020F0-91D5-4FF2-BFC2-925E0D765524}.Release|Any CPU.ActiveCfg = Release|Any CPU
		{386020F0-91D5-4FF2-BFC2-925E0D765524}.Release|Any CPU.Build.0 = Release|Any CPU
		{386020F0-91D5-4FF2-BFC2-925E0D765524}.Release|x64.ActiveCfg = Release|Any CPU
		{386020F0-91D5-4FF2-BFC2-925E0D765524}.Release|x64.Build.0 = Release|Any CPU
		{386020F0-91D5-4FF2-BFC2-925E0D765524}.Release|x86.ActiveCfg = Release|Any CPU
		{386020F0-91D5-4FF2-BFC2-925E0D765524}.Release|x86.Build.0 = Release|Any CPU
		{08689401-B4E3-4181-9B07-A1EB6E6EEE02}.Debug|Any CPU.ActiveCfg = Debug|Any CPU
		{08689401-B4E3-4181-9B07-A1EB6E6EEE02}.Debug|Any CPU.Build.0 = Debug|Any CPU
		{08689401-B4E3-4181-9B07-A1EB6E6EEE02}.Debug|x64.ActiveCfg = Debug|Any CPU
		{08689401-B4E3-4181-9B07-A1EB6E6EEE02}.Debug|x64.Build.0 = Debug|Any CPU
		{08689401-B4E3-4181-9B07-A1EB6E6EEE02}.Debug|x86.ActiveCfg = Debug|Any CPU
		{08689401-B4E3-4181-9B07-A1EB6E6EEE02}.Debug|x86.Build.0 = Debug|Any CPU
		{08689401-B4E3-4181-9B07-A1EB6E6EEE02}.Release|Any CPU.ActiveCfg = Release|Any CPU
		{08689401-B4E3-4181-9B07-A1EB6E6EEE02}.Release|Any CPU.Build.0 = Release|Any CPU
		{08689401-B4E3-4181-9B07-A1EB6E6EEE02}.Release|x64.ActiveCfg = Release|Any CPU
		{08689401-B4E3-4181-9B07-A1EB6E6EEE02}.Release|x64.Build.0 = Release|Any CPU
		{08689401-B4E3-4181-9B07-A1EB6E6EEE02}.Release|x86.ActiveCfg = Release|Any CPU
		{08689401-B4E3-4181-9B07-A1EB6E6EEE02}.Release|x86.Build.0 = Release|Any CPU
		{E8DA3D5C-451E-4B62-BDB8-2B4E7E0B51F0}.Debug|Any CPU.ActiveCfg = Debug|Any CPU
		{E8DA3D5C-451E-4B62-BDB8-2B4E7E0B51F0}.Debug|Any CPU.Build.0 = Debug|Any CPU
		{E8DA3D5C-451E-4B62-BDB8-2B4E7E0B51F0}.Debug|x64.ActiveCfg = Debug|Any CPU
		{E8DA3D5C-451E-4B62-BDB8-2B4E7E0B51F0}.Debug|x64.Build.0 = Debug|Any CPU
		{E8DA3D5C-451E-4B62-BDB8-2B4E7E0B51F0}.Debug|x86.ActiveCfg = Debug|Any CPU
		{E8DA3D5C-451E-4B62-BDB8-2B4E7E0B51F0}.Debug|x86.Build.0 = Debug|Any CPU
		{E8DA3D5C-451E-4B62-BDB8-2B4E7E0B51F0}.Release|Any CPU.ActiveCfg = Release|Any CPU
		{E8DA3D5C-451E-4B62-BDB8-2B4E7E0B51F0}.Release|Any CPU.Build.0 = Release|Any CPU
		{E8DA3D5C-451E-4B62-BDB8-2B4E7E0B51F0}.Release|x64.ActiveCfg = Release|Any CPU
		{E8DA3D5C-451E-4B62-BDB8-2B4E7E0B51F0}.Release|x64.Build.0 = Release|Any CPU
		{E8DA3D5C-451E-4B62-BDB8-2B4E7E0B51F0}.Release|x86.ActiveCfg = Release|Any CPU
		{E8DA3D5C-451E-4B62-BDB8-2B4E7E0B51F0}.Release|x86.Build.0 = Release|Any CPU
		{E02A620F-F75D-4A8E-8F96-151E2CCE04F7}.Debug|Any CPU.ActiveCfg = Debug|Any CPU
		{E02A620F-F75D-4A8E-8F96-151E2CCE04F7}.Debug|Any CPU.Build.0 = Debug|Any CPU
		{E02A620F-F75D-4A8E-8F96-151E2CCE04F7}.Debug|x64.ActiveCfg = Debug|Any CPU
		{E02A620F-F75D-4A8E-8F96-151E2CCE04F7}.Debug|x64.Build.0 = Debug|Any CPU
		{E02A620F-F75D-4A8E-8F96-151E2CCE04F7}.Debug|x86.ActiveCfg = Debug|Any CPU
		{E02A620F-F75D-4A8E-8F96-151E2CCE04F7}.Debug|x86.Build.0 = Debug|Any CPU
		{E02A620F-F75D-4A8E-8F96-151E2CCE04F7}.Release|Any CPU.ActiveCfg = Release|Any CPU
		{E02A620F-F75D-4A8E-8F96-151E2CCE04F7}.Release|Any CPU.Build.0 = Release|Any CPU
		{E02A620F-F75D-4A8E-8F96-151E2CCE04F7}.Release|x64.ActiveCfg = Release|Any CPU
		{E02A620F-F75D-4A8E-8F96-151E2CCE04F7}.Release|x64.Build.0 = Release|Any CPU
		{E02A620F-F75D-4A8E-8F96-151E2CCE04F7}.Release|x86.ActiveCfg = Release|Any CPU
		{E02A620F-F75D-4A8E-8F96-151E2CCE04F7}.Release|x86.Build.0 = Release|Any CPU
		{00560285-CE26-4D72-830D-020BA0597E13}.Debug|Any CPU.ActiveCfg = Debug|Any CPU
		{00560285-CE26-4D72-830D-020BA0597E13}.Debug|Any CPU.Build.0 = Debug|Any CPU
		{00560285-CE26-4D72-830D-020BA0597E13}.Debug|x64.ActiveCfg = Debug|Any CPU
		{00560285-CE26-4D72-830D-020BA0597E13}.Debug|x64.Build.0 = Debug|Any CPU
		{00560285-CE26-4D72-830D-020BA0597E13}.Debug|x86.ActiveCfg = Debug|Any CPU
		{00560285-CE26-4D72-830D-020BA0597E13}.Debug|x86.Build.0 = Debug|Any CPU
		{00560285-CE26-4D72-830D-020BA0597E13}.Release|Any CPU.ActiveCfg = Release|Any CPU
		{00560285-CE26-4D72-830D-020BA0597E13}.Release|Any CPU.Build.0 = Release|Any CPU
		{00560285-CE26-4D72-830D-020BA0597E13}.Release|x64.ActiveCfg = Release|Any CPU
		{00560285-CE26-4D72-830D-020BA0597E13}.Release|x64.Build.0 = Release|Any CPU
		{00560285-CE26-4D72-830D-020BA0597E13}.Release|x86.ActiveCfg = Release|Any CPU
		{00560285-CE26-4D72-830D-020BA0597E13}.Release|x86.Build.0 = Release|Any CPU
		{F494DE2C-3B48-4448-A4B2-91233A5E14B3}.Debug|Any CPU.ActiveCfg = Debug|Any CPU
		{F494DE2C-3B48-4448-A4B2-91233A5E14B3}.Debug|Any CPU.Build.0 = Debug|Any CPU
		{F494DE2C-3B48-4448-A4B2-91233A5E14B3}.Debug|x64.ActiveCfg = Debug|Any CPU
		{F494DE2C-3B48-4448-A4B2-91233A5E14B3}.Debug|x64.Build.0 = Debug|Any CPU
		{F494DE2C-3B48-4448-A4B2-91233A5E14B3}.Debug|x86.ActiveCfg = Debug|Any CPU
		{F494DE2C-3B48-4448-A4B2-91233A5E14B3}.Debug|x86.Build.0 = Debug|Any CPU
		{F494DE2C-3B48-4448-A4B2-91233A5E14B3}.Release|Any CPU.ActiveCfg = Release|Any CPU
		{F494DE2C-3B48-4448-A4B2-91233A5E14B3}.Release|Any CPU.Build.0 = Release|Any CPU
		{F494DE2C-3B48-4448-A4B2-91233A5E14B3}.Release|x64.ActiveCfg = Release|Any CPU
		{F494DE2C-3B48-4448-A4B2-91233A5E14B3}.Release|x64.Build.0 = Release|Any CPU
		{F494DE2C-3B48-4448-A4B2-91233A5E14B3}.Release|x86.ActiveCfg = Release|Any CPU
		{F494DE2C-3B48-4448-A4B2-91233A5E14B3}.Release|x86.Build.0 = Release|Any CPU
		{44BE6568-C658-4DAB-B02E-1E5F155B3A3B}.Debug|Any CPU.ActiveCfg = Debug|Any CPU
		{44BE6568-C658-4DAB-B02E-1E5F155B3A3B}.Debug|Any CPU.Build.0 = Debug|Any CPU
		{44BE6568-C658-4DAB-B02E-1E5F155B3A3B}.Debug|x64.ActiveCfg = Debug|Any CPU
		{44BE6568-C658-4DAB-B02E-1E5F155B3A3B}.Debug|x64.Build.0 = Debug|Any CPU
		{44BE6568-C658-4DAB-B02E-1E5F155B3A3B}.Debug|x86.ActiveCfg = Debug|Any CPU
		{44BE6568-C658-4DAB-B02E-1E5F155B3A3B}.Debug|x86.Build.0 = Debug|Any CPU
		{44BE6568-C658-4DAB-B02E-1E5F155B3A3B}.Release|Any CPU.ActiveCfg = Release|Any CPU
		{44BE6568-C658-4DAB-B02E-1E5F155B3A3B}.Release|Any CPU.Build.0 = Release|Any CPU
		{44BE6568-C658-4DAB-B02E-1E5F155B3A3B}.Release|x64.ActiveCfg = Release|Any CPU
		{44BE6568-C658-4DAB-B02E-1E5F155B3A3B}.Release|x64.Build.0 = Release|Any CPU
		{44BE6568-C658-4DAB-B02E-1E5F155B3A3B}.Release|x86.ActiveCfg = Release|Any CPU
		{44BE6568-C658-4DAB-B02E-1E5F155B3A3B}.Release|x86.Build.0 = Release|Any CPU
	EndGlobalSection
	GlobalSection(SolutionProperties) = preSolution
		HideSolutionNode = FALSE
	EndGlobalSection
	GlobalSection(NestedProjects) = preSolution
		{32D0F5AE-D8D7-416F-84B4-63F43EA9EAD9} = {B1A2C3D4-E5F6-7890-ABCD-EF1234567890}
		{935C4A89-C4C4-4194-8408-63D336CA9B5D} = {B1A2C3D4-E5F6-7890-ABCD-EF1234567890}
		{02E8481A-29CD-4D07-ABF6-A183EBC91B53} = {B1A2C3D4-E5F6-7890-ABCD-EF1234567890}
		{412285DA-AABC-4044-9ACC-B903DA7E66EF} = {B1A2C3D4-E5F6-7890-ABCD-EF1234567890}
		{7313A25D-5016-41A9-A176-CAFFC2285B9E} = {B1A2C3D4-E5F6-7890-ABCD-EF1234567890}
		{AB7F8F83-79A8-40C1-9DCE-2693444AF2B5} = {B1A2C3D4-E5F6-7890-ABCD-EF1234567890}
		{8BD0AD12-EF12-4AD1-B989-AED874773548} = {B1A2C3D4-E5F6-7890-ABCD-EF1234567890}
		{A3F7D639-EFC7-4A76-857B-BF209EB56CF9} = {B1A2C3D4-E5F6-7890-ABCD-EF1234567890}
		{90103197-919E-42B3-AA69-5C121B10A986} = {B1A2C3D4-E5F6-7890-ABCD-EF1234567890}
		{37D06341-5864-4EF4-BC4A-1DB7298AE364} = {F1E2D3C4-B5A6-0987-FEDC-BA9876543210}
		{13F7BD05-2B2A-46B3-8F95-CB5008C7E27D} = {F1E2D3C4-B5A6-0987-FEDC-BA9876543210}
		{EFE5943E-2B42-44B6-B3A8-BE9B04E42571} = {F1E2D3C4-B5A6-0987-FEDC-BA9876543210}
		{6CF94987-C563-4223-939B-7FBDD029AC77} = {F1E2D3C4-B5A6-0987-FEDC-BA9876543210}
		{612F7CB7-BF5B-40EB-AB11-1A895A2233B6} = {F1E2D3C4-B5A6-0987-FEDC-BA9876543210}
		{13DC59E9-F03E-4F73-90A9-36D74C42DBF5} = {F1E2D3C4-B5A6-0987-FEDC-BA9876543210}
		{C7C2A1FC-9EAC-456D-B9F7-45FA41F71F5A} = {F1E2D3C4-B5A6-0987-FEDC-BA9876543210}
		{E6734BE5-411C-40DC-AA48-5C1FB5E947E9} = {F1E2D3C4-B5A6-0987-FEDC-BA9876543210}
		{DA841F10-26BC-4858-9FB6-14E1D25EBF0D} = {B1A2C3D4-E5F6-7890-ABCD-EF1234567890}
		{BE5C7868-049B-4D79-8616-BB33A88EEB5F} = {B1A2C3D4-E5F6-7890-ABCD-EF1234567890}
		{D1801C40-607C-4B69-B588-E5ABBC645C23} = {F1E2D3C4-B5A6-0987-FEDC-BA9876543210}
		{33B18DF6-2E5B-45B2-8A8C-53EEB5EE23B1} = {B1A2C3D4-E5F6-7890-ABCD-EF1234567890}
		{ACD0F014-4846-416E-A7F6-5EE25E5D5626} = {B1A2C3D4-E5F6-7890-ABCD-EF1234567890}
		{37C08E8E-C4E3-4C83-A5DF-66857BCB0DEC} = {F1E2D3C4-B5A6-0987-FEDC-BA9876543210}
		{F032A2B0-AA33-472E-9B20-23A1E03329BC} = {0AB3BF05-4346-4AA6-1389-037BE0695223}
		{404EE969-1079-407E-9CA1-64FABB911458} = {0AB3BF05-4346-4AA6-1389-037BE0695223}
		{D3F57833-76F0-41F3-A740-06A2E1593448} = {0AB3BF05-4346-4AA6-1389-037BE0695223}
		{6CBC4121-46E2-476A-842E-C70C9B7DEDB4} = {0AB3BF05-4346-4AA6-1389-037BE0695223}
		{ADBEDA8B-C4C1-4E67-9CA0-45702359F3C3} = {0AB3BF05-4346-4AA6-1389-037BE0695223}
		{B4B91E6E-BF35-4CBB-A292-331DFF1FBEB5} = {0AB3BF05-4346-4AA6-1389-037BE0695223}
		{E10F35F8-9497-4575-BF3F-A1EB36B45890} = {0AB3BF05-4346-4AA6-1389-037BE0695223}
		{858627F6-7C5B-48F8-B3BA-C352D5393DDE} = {0AB3BF05-4346-4AA6-1389-037BE0695223}
		{56E41528-F4FA-48B9-A3D1-33CDBCF2D5EB} = {0AB3BF05-4346-4AA6-1389-037BE0695223}
		{A7A89B62-81F3-4C72-8917-42867CEC4DCB} = {0AB3BF05-4346-4AA6-1389-037BE0695223}
		{305697DE-7378-4815-AC70-88AA9AE7B8F6} = {0AB3BF05-4346-4AA6-1389-037BE0695223}
		{617C512B-54FC-4218-9CE9-51EAB81D6114} = {0AB3BF05-4346-4AA6-1389-037BE0695223}
		{386020F0-91D5-4FF2-BFC2-925E0D765524} = {0AB3BF05-4346-4AA6-1389-037BE0695223}
		{08689401-B4E3-4181-9B07-A1EB6E6EEE02} = {0AB3BF05-4346-4AA6-1389-037BE0695223}
		{E8DA3D5C-451E-4B62-BDB8-2B4E7E0B51F0} = {0AB3BF05-4346-4AA6-1389-037BE0695223}
		{E02A620F-F75D-4A8E-8F96-151E2CCE04F7} = {0AB3BF05-4346-4AA6-1389-037BE0695223}
		{00560285-CE26-4D72-830D-020BA0597E13} = {0AB3BF05-4346-4AA6-1389-037BE0695223}
		{F494DE2C-3B48-4448-A4B2-91233A5E14B3} = {0AB3BF05-4346-4AA6-1389-037BE0695223}
		{44BE6568-C658-4DAB-B02E-1E5F155B3A3B} = {0AB3BF05-4346-4AA6-1389-037BE0695223}
	EndGlobalSection
EndGlobal
