
Microsoft Visual Studio Solution File, Format Version 12.00
# Visual Studio Version 17
VisualStudioVersion = 17.5.002.0
MinimumVisualStudioVersion = 10.0.40219.1
Project("{9A19103F-16F7-4668-BE54-9A1E7A4F7556}") = "snowcoreBlog.Aspire", "snowcoreBlog.Aspire.csproj", "{5EEA96E0-5E88-4AA7-B532-3F441AD99A69}"
EndProject
Project("{FAE04EC0-301F-11D3-BF4B-00C04F79EFBC}") = "snowcoreBlog.Backend.AdminsManagement", "snowcoreBlog.Backend\BusinessServices\AdminsManagement\snowcoreBlog.Backend.AdminsManagement.csproj", "{F0878434-CE42-4A71-BF10-6A6C533BD22A}"
EndProject
Project("{FAE04EC0-301F-11D3-BF4B-00C04F79EFBC}") = "snowcoreBlog.Backend.Articles", "snowcoreBlog.Backend\BusinessServices\Articles\snowcoreBlog.Backend.Articles.csproj", "{8BD0AD12-EF12-4AD1-B989-AED874773548}"
EndProject
Project("{FAE04EC0-301F-11D3-BF4B-00C04F79EFBC}") = "snowcoreBlog.Backend.UsersManagement", "snowcoreBlog.Backend\BusinessServices\UsersManagement\snowcoreBlog.Backend.UsersManagement.csproj", "{6E9DE8EA-6AF8-4A54-B634-EE8D0FBBD5E4}"
EndProject
Project("{FAE04EC0-301F-11D3-BF4B-00C04F79EFBC}") = "snowcoreBlog.Console.App", "snowcoreBlog.Console\App\snowcoreBlog.Console.App.csproj", "{FE747577-346E-4C1D-AD42-F7F83612891A}"
EndProject
Global
	GlobalSection(SolutionConfigurationPlatforms) = preSolution
		Debug|Any CPU = Debug|Any CPU
		Release|Any CPU = Release|Any CPU
	EndGlobalSection
	GlobalSection(ProjectConfigurationPlatforms) = postSolution
		{5EEA96E0-5E88-4AA7-B532-3F441AD99A69}.Debug|Any CPU.ActiveCfg = Debug|Any CPU
		{5EEA96E0-5E88-4AA7-B532-3F441AD99A69}.Debug|Any CPU.Build.0 = Debug|Any CPU
		{5EEA96E0-5E88-4AA7-B532-3F441AD99A69}.Release|Any CPU.ActiveCfg = Release|Any CPU
		{5EEA96E0-5E88-4AA7-B532-3F441AD99A69}.Release|Any CPU.Build.0 = Release|Any CPU
		{F0878434-CE42-4A71-BF10-6A6C533BD22A}.Debug|Any CPU.ActiveCfg = Debug|Any CPU
		{F0878434-CE42-4A71-BF10-6A6C533BD22A}.Debug|Any CPU.Build.0 = Debug|Any CPU
		{F0878434-CE42-4A71-BF10-6A6C533BD22A}.Release|Any CPU.ActiveCfg = Release|Any CPU
		{F0878434-CE42-4A71-BF10-6A6C533BD22A}.Release|Any CPU.Build.0 = Release|Any CPU
		{8BD0AD12-EF12-4AD1-B989-AED874773548}.Debug|Any CPU.ActiveCfg = Debug|Any CPU
		{8BD0AD12-EF12-4AD1-B989-AED874773548}.Debug|Any CPU.Build.0 = Debug|Any CPU
		{8BD0AD12-EF12-4AD1-B989-AED874773548}.Release|Any CPU.ActiveCfg = Release|Any CPU
		{8BD0AD12-EF12-4AD1-B989-AED874773548}.Release|Any CPU.Build.0 = Release|Any CPU
		{6E9DE8EA-6AF8-4A54-B634-EE8D0FBBD5E4}.Debug|Any CPU.ActiveCfg = Debug|Any CPU
		{6E9DE8EA-6AF8-4A54-B634-EE8D0FBBD5E4}.Debug|Any CPU.Build.0 = Debug|Any CPU
		{6E9DE8EA-6AF8-4A54-B634-EE8D0FBBD5E4}.Release|Any CPU.ActiveCfg = Release|Any CPU
		{6E9DE8EA-6AF8-4A54-B634-EE8D0FBBD5E4}.Release|Any CPU.Build.0 = Release|Any CPU
		{FE747577-346E-4C1D-AD42-F7F83612891A}.Debug|Any CPU.ActiveCfg = Debug|Any CPU
		{FE747577-346E-4C1D-AD42-F7F83612891A}.Debug|Any CPU.Build.0 = Debug|Any CPU
		{FE747577-346E-4C1D-AD42-F7F83612891A}.Release|Any CPU.ActiveCfg = Release|Any CPU
		{FE747577-346E-4C1D-AD42-F7F83612891A}.Release|Any CPU.Build.0 = Release|Any CPU
	EndGlobalSection
	GlobalSection(SolutionProperties) = preSolution
		HideSolutionNode = FALSE
	EndGlobalSection
	GlobalSection(ExtensibilityGlobals) = postSolution
		SolutionGuid = {68FAA62C-C2BA-4F63-9295-8F5B68307CD9}
	EndGlobalSection
EndGlobal
